
Microsoft Visual Studio Solution File, Format Version 12.00
# Visual Studio Version 17
VisualStudioVersion = 17.9.34728.123
MinimumVisualStudioVersion = 10.0.40219.1
Project("{FAE04EC0-301F-11D3-BF4B-00C04F79EFBC}") = "braka", "braka.csproj", "{E70D2284-9F06-4A58-80B4-E2FA3F9F84E1}"
EndProject
Global
	GlobalSection(SolutionConfigurationPlatforms) = preSolution
		Debug|Any CPU = Debug|Any CPU
		Release|Any CPU = Release|Any CPU
	EndGlobalSection
	GlobalSection(ProjectConfigurationPlatforms) = postSolution
		{E70D2284-9F06-4A58-80B4-E2FA3F9F84E1}.Debug|Any CPU.ActiveCfg = Debug|Any CPU
		{E70D2284-9F06-4A58-80B4-E2FA3F9F84E1}.Debug|Any CPU.Build.0 = Debug|Any CPU
		{E70D2284-9F06-4A58-80B4-E2FA3F9F84E1}.Release|Any CPU.ActiveCfg = Release|Any CPU
		{E70D2284-9F06-4A58-80B4-E2FA3F9F84E1}.Release|Any CPU.Build.0 = Release|Any CPU
	EndGlobalSection
	GlobalSection(SolutionProperties) = preSolution
		HideSolutionNode = FALSE
	EndGlobalSection
	GlobalSection(ExtensibilityGlobals) = postSolution
		SolutionGuid = {58C04B7C-BA90-404D-87A0-6EA283AB12E3}
	EndGlobalSection
EndGlobal
